<?xml version="1.0" encoding="utf-8"?>
<Project ToolsVersion="4.0" xmlns="http://schemas.microsoft.com/developer/msbuild/2003">
  <ItemGroup>
    <Filter Include="소스 파일">
      <UniqueIdentifier>{4FC737F1-C7A5-4376-A066-2A32D752A2FF}</UniqueIdentifier>
      <Extensions>cpp;c;cc;cxx;c++;cppm;ixx;def;odl;idl;hpj;bat;asm;asmx</Extensions>
    </Filter>
    <Filter Include="헤더 파일">
      <UniqueIdentifier>{93995380-89BD-4b04-88EB-625FBE52EBFB}</UniqueIdentifier>
      <Extensions>h;hh;hpp;hxx;h++;hm;inl;inc;ipp;xsd</Extensions>
    </Filter>
    <Filter Include="리소스 파일">
      <UniqueIdentifier>{67DA6AB6-F800-4c08-8B7A-83BB121AAD01}</UniqueIdentifier>
      <Extensions>rc;ico;cur;bmp;dlg;rc2;rct;bin;rgs;gif;jpg;jpeg;jpe;resx;tiff;tif;png;wav;mfcribbon-ms</Extensions>
    </Filter>
    <Filter Include="소스 파일\Manager">
      <UniqueIdentifier>{e06ff593-c46e-4947-881d-1ce627624928}</UniqueIdentifier>
    </Filter>
    <Filter Include="소스 파일\Core">
      <UniqueIdentifier>{b36602b5-ccf6-4282-a34c-5bd42f90a456}</UniqueIdentifier>
    </Filter>
    <Filter Include="소스 파일\MathEngine">
      <UniqueIdentifier>{509dbc29-b137-4ebe-81cd-c7fa11184fdd}</UniqueIdentifier>
    </Filter>
    <Filter Include="소스 파일\Component">
      <UniqueIdentifier>{522d52f4-e557-4081-8def-f59c7b2c4668}</UniqueIdentifier>
    </Filter>
    <Filter Include="소스 파일\D2D">
      <UniqueIdentifier>{178eb534-93dc-4fe3-bcc5-aef4d11ac18f}</UniqueIdentifier>
    </Filter>
    <Filter Include="소스 파일\Scene">
      <UniqueIdentifier>{1fe1b66e-24bc-471d-9237-7819a6e73bf7}</UniqueIdentifier>
    </Filter>
  </ItemGroup>
  <ItemGroup>
    <ClInclude Include="framework.h">
      <Filter>헤더 파일</Filter>
    </ClInclude>
    <ClInclude Include="targetver.h">
      <Filter>헤더 파일</Filter>
    </ClInclude>
    <ClInclude Include="Resource.h">
      <Filter>헤더 파일</Filter>
    </ClInclude>
    <ClInclude Include="TileMap.h">
      <Filter>헤더 파일</Filter>
    </ClInclude>
    <ClInclude Include="Singleton.h">
      <Filter>헤더 파일</Filter>
    </ClInclude>
    <ClInclude Include="DrawUtil.h">
      <Filter>헤더 파일</Filter>
    </ClInclude>
    <ClInclude Include="GameObject.h">
      <Filter>헤더 파일</Filter>
    </ClInclude>
    <ClInclude Include="Tree.h">
      <Filter>헤더 파일</Filter>
    </ClInclude>
    <ClInclude Include="pch.h">
      <Filter>헤더 파일</Filter>
    </ClInclude>
    <ClInclude Include="Wall.h">
      <Filter>헤더 파일</Filter>
    </ClInclude>
    <ClInclude Include="Graphics.h">
      <Filter>소스 파일\D2D</Filter>
    </ClInclude>
    <ClInclude Include="SpriteRenderer.h">
      <Filter>소스 파일\Component</Filter>
    </ClInclude>
    <ClInclude Include="Transform.h">
      <Filter>소스 파일\Component</Filter>
    </ClInclude>
    <ClInclude Include="GameEngine.h">
      <Filter>소스 파일\Core</Filter>
    </ClInclude>
    <ClInclude Include="GameProcess.h">
      <Filter>소스 파일\Core</Filter>
    </ClInclude>
    <ClInclude Include="WinAPI.h">
      <Filter>소스 파일\Core</Filter>
    </ClInclude>
    <ClInclude Include="WinInit.h">
      <Filter>소스 파일\Core</Filter>
    </ClInclude>
    <ClInclude Include="CameraManager.h">
      <Filter>소스 파일\Manager</Filter>
    </ClInclude>
    <ClInclude Include="InputManager.h">
      <Filter>소스 파일\Manager</Filter>
    </ClInclude>
    <ClInclude Include="ResourceManager.h">
      <Filter>소스 파일\Manager</Filter>
    </ClInclude>
    <ClInclude Include="Constants.h">
      <Filter>소스 파일\MathEngine</Filter>
    </ClInclude>
    <ClInclude Include="MathUtils.h">
      <Filter>소스 파일\MathEngine</Filter>
    </ClInclude>
    <ClInclude Include="Vector2.h">
      <Filter>소스 파일\MathEngine</Filter>
    </ClInclude>
    <ClInclude Include="Animator.h">
      <Filter>소스 파일\Component</Filter>
    </ClInclude>
    <ClInclude Include="CollisionManager.h">
      <Filter>소스 파일\Manager</Filter>
    </ClInclude>
    <ClInclude Include="Player.h">
      <Filter>소스 파일\Component</Filter>
    </ClInclude>
    <ClInclude Include="ElementBase.h">
      <Filter>소스 파일\Component</Filter>
    </ClInclude>
    <ClInclude Include="TileManager.h">
      <Filter>소스 파일\Manager</Filter>
    </ClInclude>
    <ClInclude Include="Scene.h">
      <Filter>소스 파일\Scene</Filter>
    </ClInclude>
    <ClInclude Include="SceneManager.h">
      <Filter>소스 파일\Manager</Filter>
    </ClInclude>
    <ClInclude Include="MainScene.h">
      <Filter>소스 파일\Scene</Filter>
    </ClInclude>
    <ClInclude Include="TimeManager.h">
      <Filter>소스 파일\Manager</Filter>
    </ClInclude>
    <ClInclude Include="DataManager.h">
      <Filter>소스 파일\Manager</Filter>
    </ClInclude>
    <ClInclude Include="SaveData.h">
      <Filter>소스 파일</Filter>
    </ClInclude>
    <ClInclude Include="SaveManager.h">
      <Filter>헤더 파일</Filter>
    </ClInclude>
    <ClInclude Include="CraftData.h">
      <Filter>소스 파일</Filter>
    </ClInclude>
    <ClInclude Include="Inventory.h">
      <Filter>헤더 파일</Filter>
    </ClInclude>
    <ClInclude Include="ItemPickUp.h">
      <Filter>헤더 파일</Filter>
    </ClInclude>
    <ClInclude Include="Interactable.h">
      <Filter>헤더 파일</Filter>
    </ClInclude>
    <ClInclude Include="CraftingManager.h">
      <Filter>헤더 파일</Filter>
    </ClInclude>
    <ClInclude Include="InteractType.h">
      <Filter>헤더 파일</Filter>
    </ClInclude>
    <ClInclude Include="CampFire.h">
      <Filter>헤더 파일</Filter>
    </ClInclude>
    <ClInclude Include="UIManager.h">
      <Filter>헤더 파일</Filter>
    </ClInclude>
    <ClInclude Include="Weapon.h">
      <Filter>헤더 파일</Filter>
    </ClInclude>
  </ItemGroup>
  <ItemGroup>
    <ClCompile Include="InputManager.cpp">
      <Filter>소스 파일\Manager</Filter>
    </ClCompile>
    <ClCompile Include="GameEngine.cpp">
      <Filter>소스 파일\Core</Filter>
    </ClCompile>
    <ClCompile Include="GameProcess.cpp">
      <Filter>소스 파일\Core</Filter>
    </ClCompile>
    <ClCompile Include="WinInit.cpp">
      <Filter>소스 파일\Core</Filter>
    </ClCompile>
    <ClCompile Include="WinAPI.cpp">
      <Filter>소스 파일\Core</Filter>
    </ClCompile>
    <ClCompile Include="CameraManager.cpp">
      <Filter>소스 파일\Manager</Filter>
    </ClCompile>
    <ClCompile Include="TileMap.cpp">
      <Filter>소스 파일</Filter>
    </ClCompile>
    <ClCompile Include="ResourceManager.cpp">
      <Filter>소스 파일\Manager</Filter>
    </ClCompile>
    <ClCompile Include="Tree.cpp">
      <Filter>소스 파일</Filter>
    </ClCompile>
    <ClCompile Include="Vector2.cpp">
      <Filter>소스 파일\MathEngine</Filter>
    </ClCompile>
    <ClCompile Include="Constants.cpp">
      <Filter>소스 파일\MathEngine</Filter>
    </ClCompile>
    <ClCompile Include="SpriteRenderer.cpp">
      <Filter>소스 파일\Component</Filter>
    </ClCompile>
    <ClCompile Include="Transform.cpp">
      <Filter>소스 파일\Component</Filter>
    </ClCompile>
    <ClCompile Include="GameObject.cpp">
      <Filter>소스 파일\Core</Filter>
    </ClCompile>
    <ClCompile Include="Wall.cpp">
      <Filter>소스 파일</Filter>
    </ClCompile>
    <ClCompile Include="Graphics.cpp">
      <Filter>소스 파일\D2D</Filter>
    </ClCompile>
    <ClCompile Include="Animator.cpp">
      <Filter>소스 파일\Component</Filter>
    </ClCompile>
    <ClCompile Include="CollisionManager.cpp">
      <Filter>소스 파일\Manager</Filter>
    </ClCompile>
    <ClCompile Include="Player.cpp">
      <Filter>소스 파일\Component</Filter>
    </ClCompile>
    <ClCompile Include="TileManager.cpp">
      <Filter>소스 파일\Manager</Filter>
    </ClCompile>
    <ClCompile Include="MainScene.cpp">
      <Filter>소스 파일\Scene</Filter>
    </ClCompile>
    <ClCompile Include="Scene.cpp">
      <Filter>소스 파일\Scene</Filter>
    </ClCompile>
    <ClCompile Include="SceneManager.cpp">
      <Filter>소스 파일\Manager</Filter>
    </ClCompile>
    <ClCompile Include="TimeManager.cpp">
      <Filter>소스 파일\Manager</Filter>
    </ClCompile>
    <ClCompile Include="DataManager.cpp">
      <Filter>소스 파일\Manager</Filter>
    </ClCompile>
    <ClCompile Include="SaveManager.cpp">
      <Filter>소스 파일</Filter>
    </ClCompile>
    <ClCompile Include="Inventory.cpp">
      <Filter>소스 파일</Filter>
    </ClCompile>
    <ClCompile Include="ItemPickUp.cpp">
      <Filter>소스 파일</Filter>
    </ClCompile>
    <ClCompile Include="Interactable.cpp">
      <Filter>소스 파일</Filter>
    </ClCompile>
    <ClCompile Include="CraftingManager.cpp">
      <Filter>소스 파일</Filter>
    </ClCompile>
    <ClCompile Include="CampFire.cpp">
      <Filter>소스 파일</Filter>
    </ClCompile>
    <ClCompile Include="UIManager.cpp">
      <Filter>소스 파일</Filter>
    </ClCompile>
    <ClCompile Include="Weapon.cpp">
      <Filter>소스 파일</Filter>
    </ClCompile>
  </ItemGroup>
  <ItemGroup>
    <ResourceCompile Include="WinAPI.rc">
      <Filter>리소스 파일</Filter>
    </ResourceCompile>
  </ItemGroup>
  <ItemGroup>
    <Image Include="small.ico">
      <Filter>리소스 파일</Filter>
    </Image>
    <Image Include="WinAPI.ico">
      <Filter>리소스 파일</Filter>
    </Image>
    <Image Include="Resource\Player.bmp">
      <Filter>리소스 파일</Filter>
    </Image>
    <Image Include="Resource\Tile.bmp">
      <Filter>리소스 파일</Filter>
    </Image>
    <Image Include="Resource\Streelamp.bmp">
      <Filter>리소스 파일</Filter>
    </Image>
  </ItemGroup>
</Project>